
Microsoft Visual Studio Solution File, Format Version 12.00
# Visual Studio Version 17
VisualStudioVersion = 17.14.36109.1 d17.14
MinimumVisualStudioVersion = 10.0.40219.1
Project("{FAE04EC0-301F-11D3-BF4B-00C04F79EFBC}") = "FloatGridSim", "FloatGridSim.csproj", "{AD6C9792-2184-4B4D-939C-C8FA31F10714}"
EndProject
Global
	GlobalSection(SolutionConfigurationPlatforms) = preSolution
		Debug|Any CPU = Debug|Any CPU
		Release|Any CPU = Release|Any CPU
	EndGlobalSection
	GlobalSection(ProjectConfigurationPlatforms) = postSolution
		{AD6C9792-2184-4B4D-939C-C8FA31F10714}.Debug|Any CPU.ActiveCfg = Debug|Any CPU
		{AD6C9792-2184-4B4D-939C-C8FA31F10714}.Debug|Any CPU.Build.0 = Debug|Any CPU
		{AD6C9792-2184-4B4D-939C-C8FA31F10714}.Release|Any CPU.ActiveCfg = Release|Any CPU
		{AD6C9792-2184-4B4D-939C-C8FA31F10714}.Release|Any CPU.Build.0 = Release|Any CPU
	EndGlobalSection
	GlobalSection(SolutionProperties) = preSolution
		HideSolutionNode = FALSE
	EndGlobalSection
	GlobalSection(ExtensibilityGlobals) = postSolution
		SolutionGuid = {36F1B7B6-BFE0-45F0-9A91-47D14E4B061E}
	EndGlobalSection
EndGlobal
